
Microsoft Visual Studio Solution File, Format Version 12.00
# Visual Studio Version 16
VisualStudioVersion = 16.0.31729.503
MinimumVisualStudioVersion = 10.0.40219.1
Project("{FAE04EC0-301F-11D3-BF4B-00C04F79EFBC}") = "WindowsFormsApp1", "WindowsFormsApp1\WindowsFormsApp1.csproj", "{2F0DCCB7-907C-4672-81AA-1572E6ECADDD}"
EndProject
Global
	GlobalSection(SolutionConfigurationPlatforms) = preSolution
		Debug|Any CPU = Debug|Any CPU
		Release|Any CPU = Release|Any CPU
	EndGlobalSection
	GlobalSection(ProjectConfigurationPlatforms) = postSolution
		{2F0DCCB7-907C-4672-81AA-1572E6ECADDD}.Debug|Any CPU.ActiveCfg = Debug|Any CPU
		{2F0DCCB7-907C-4672-81AA-1572E6ECADDD}.Debug|Any CPU.Build.0 = Debug|Any CPU
		{2F0DCCB7-907C-4672-81AA-1572E6ECADDD}.Release|Any CPU.ActiveCfg = Release|Any CPU
		{2F0DCCB7-907C-4672-81AA-1572E6ECADDD}.Release|Any CPU.Build.0 = Release|Any CPU
	EndGlobalSection
	GlobalSection(SolutionProperties) = preSolution
		HideSolutionNode = FALSE
	EndGlobalSection
	GlobalSection(ExtensibilityGlobals) = postSolution
		SolutionGuid = {BD50D749-5680-450F-9B0B-FD02BC91B57B}
	EndGlobalSection
EndGlobal
